
Microsoft Visual Studio Solution File, Format Version 10.00
# Visual Studio 2008
Project("{FAE04EC0-301F-11D3-BF4B-00C04F79EFBC}") = "Factorization", "Factorization\Factorization.csproj", "{067FCA5B-6823-4250-9C0E-0B1DA7183F8A}"
EndProject
Global
	GlobalSection(SolutionConfigurationPlatforms) = preSolution
		Debug|Any CPU = Debug|Any CPU
		Release|Any CPU = Release|Any CPU
	EndGlobalSection
	GlobalSection(ProjectConfigurationPlatforms) = postSolution
		{067FCA5B-6823-4250-9C0E-0B1DA7183F8A}.Debug|Any CPU.ActiveCfg = Debug|Any CPU
		{067FCA5B-6823-4250-9C0E-0B1DA7183F8A}.Debug|Any CPU.Build.0 = Debug|Any CPU
		{067FCA5B-6823-4250-9C0E-0B1DA7183F8A}.Release|Any CPU.ActiveCfg = Release|Any CPU
		{067FCA5B-6823-4250-9C0E-0B1DA7183F8A}.Release|Any CPU.Build.0 = Release|Any CPU
	EndGlobalSection
	GlobalSection(SolutionProperties) = preSolution
		HideSolutionNode = FALSE
	EndGlobalSection
EndGlobal
